
Microsoft Visual Studio Solution File, Format Version 12.00
# Visual Studio 15
VisualStudioVersion = 15.0.27130.2036
MinimumVisualStudioVersion = 10.0.40219.1
Project("{9A19103F-16F7-4668-BE54-9A1E7A4F7556}") = "MedicalSystem", "MedicalSystem\MedicalSystem.csproj", "{65D7EA80-7E7A-4F58-A3A8-65BF6FA78A4D}"
EndProject
Global
	GlobalSection(SolutionConfigurationPlatforms) = preSolution
		Debug|Any CPU = Debug|Any CPU
		Release|Any CPU = Release|Any CPU
	EndGlobalSection
	GlobalSection(ProjectConfigurationPlatforms) = postSolution
		{65D7EA80-7E7A-4F58-A3A8-65BF6FA78A4D}.Debug|Any CPU.ActiveCfg = Debug|Any CPU
		{65D7EA80-7E7A-4F58-A3A8-65BF6FA78A4D}.Debug|Any CPU.Build.0 = Debug|Any CPU
		{65D7EA80-7E7A-4F58-A3A8-65BF6FA78A4D}.Release|Any CPU.ActiveCfg = Release|Any CPU
		{65D7EA80-7E7A-4F58-A3A8-65BF6FA78A4D}.Release|Any CPU.Build.0 = Release|Any CPU
	EndGlobalSection
	GlobalSection(SolutionProperties) = preSolution
		HideSolutionNode = FALSE
	EndGlobalSection
	GlobalSection(ExtensibilityGlobals) = postSolution
		SolutionGuid = {9C659A0E-B67F-4ACE-B6A0-EE1B979A2608}
	EndGlobalSection
EndGlobal
